// !$*UTF8*$!
{
	archiveVersion = 1;
	classes = {
	};
	objectVersion = 51;
	objects = {

/* Begin PBXBuildFile section */
		BCCD17FEE7AEAD0388974B95 /* libPods-WebViewInterop.a in Frameworks */ = {isa = PBXBuildFile; fileRef = 9AF12450B0846FCB577F392A /* libPods-WebViewInterop.a */; };
		F7841C782197418B00BB86C7 /* AppDelegate.swift in Sources */ = {isa = PBXBuildFile; fileRef = F7841C772197418B00BB86C7 /* AppDelegate.swift */; };
		F7841C7A2197418B00BB86C7 /* ViewController.swift in Sources */ = {isa = PBXBuildFile; fileRef = F7841C792197418B00BB86C7 /* ViewController.swift */; };
		F7841C7D2197418B00BB86C7 /* Main.storyboard in Resources */ = {isa = PBXBuildFile; fileRef = F7841C7B2197418B00BB86C7 /* Main.storyboard */; };
		F7841C7F2197418D00BB86C7 /* Assets.xcassets in Resources */ = {isa = PBXBuildFile; fileRef = F7841C7E2197418D00BB86C7 /* Assets.xcassets */; };
		F7841C822197418D00BB86C7 /* LaunchScreen.storyboard in Resources */ = {isa = PBXBuildFile; fileRef = F7841C802197418D00BB86C7 /* LaunchScreen.storyboard */; };
/* End PBXBuildFile section */

/* Begin PBXFileReference section */
		71B1221B73321AC13E677FF4 /* Pods-WebViewInterop.release.xcconfig */ = {isa = PBXFileReference; includeInIndex = 1; lastKnownFileType = text.xcconfig; name = "Pods-WebViewInterop.release.xcconfig"; path = "Target Support Files/Pods-WebViewInterop/Pods-WebViewInterop.release.xcconfig"; sourceTree = "<group>"; };
		88D00D76251B9E84006AC6C5 /* WebViewInterop-Bridging-Header.h */ = {isa = PBXFileReference; lastKnownFileType = sourcecode.c.h; path = "WebViewInterop-Bridging-Header.h"; sourceTree = "<group>"; };
		9AF12450B0846FCB577F392A /* libPods-WebViewInterop.a */ = {isa = PBXFileReference; explicitFileType = archive.ar; includeInIndex = 0; path = "libPods-WebViewInterop.a"; sourceTree = BUILT_PRODUCTS_DIR; };
		B03768D54BF9F395EF907F78 /* Pods-WebViewInterop.debug.xcconfig */ = {isa = PBXFileReference; includeInIndex = 1; lastKnownFileType = text.xcconfig; name = "Pods-WebViewInterop.debug.xcconfig"; path = "Target Support Files/Pods-WebViewInterop/Pods-WebViewInterop.debug.xcconfig"; sourceTree = "<group>"; };
		F7841C742197418B00BB86C7 /* WebViewInterop.app */ = {isa = PBXFileReference; explicitFileType = wrapper.application; includeInIndex = 0; path = WebViewInterop.app; sourceTree = BUILT_PRODUCTS_DIR; };
		F7841C772197418B00BB86C7 /* AppDelegate.swift */ = {isa = PBXFileReference; lastKnownFileType = sourcecode.swift; path = AppDelegate.swift; sourceTree = "<group>"; };
		F7841C792197418B00BB86C7 /* ViewController.swift */ = {isa = PBXFileReference; lastKnownFileType = sourcecode.swift; path = ViewController.swift; sourceTree = "<group>"; };
		F7841C7C2197418B00BB86C7 /* Base */ = {isa = PBXFileReference; lastKnownFileType = file.storyboard; name = Base; path = Base.lproj/Main.storyboard; sourceTree = "<group>"; };
		F7841C7E2197418D00BB86C7 /* Assets.xcassets */ = {isa = PBXFileReference; lastKnownFileType = folder.assetcatalog; path = Assets.xcassets; sourceTree = "<group>"; };
		F7841C812197418D00BB86C7 /* Base */ = {isa = PBXFileReference; lastKnownFileType = file.storyboard; name = Base; path = Base.lproj/LaunchScreen.storyboard; sourceTree = "<group>"; };
		F7841C832197418D00BB86C7 /* Info.plist */ = {isa = PBXFileReference; lastKnownFileType = text.plist.xml; path = Info.plist; sourceTree = "<group>"; };
/* End PBXFileReference section */

/* Begin PBXFrameworksBuildPhase section */
		F7841C712197418B00BB86C7 /* Frameworks */ = {
			isa = PBXFrameworksBuildPhase;
			buildActionMask = 2147483647;
			files = (
				BCCD17FEE7AEAD0388974B95 /* libPods-WebViewInterop.a in Frameworks */,
			);
			runOnlyForDeploymentPostprocessing = 0;
		};
/* End PBXFrameworksBuildPhase section */

/* Begin PBXGroup section */
		79841A5BF1BDC9B9CFEC2281 /* Frameworks */ = {
			isa = PBXGroup;
			children = (
				9AF12450B0846FCB577F392A /* libPods-WebViewInterop.a */,
			);
			name = Frameworks;
			sourceTree = "<group>";
		};
		C0CBE6DF4A1CE06A7CFB0D34 /* Pods */ = {
			isa = PBXGroup;
			children = (
				B03768D54BF9F395EF907F78 /* Pods-WebViewInterop.debug.xcconfig */,
				71B1221B73321AC13E677FF4 /* Pods-WebViewInterop.release.xcconfig */,
			);
			path = Pods;
			sourceTree = "<group>";
		};
		F7841C6B2197418B00BB86C7 = {
			isa = PBXGroup;
			children = (
				F7841C762197418B00BB86C7 /* WebViewInterop */,
				F7841C752197418B00BB86C7 /* Products */,
				C0CBE6DF4A1CE06A7CFB0D34 /* Pods */,
				79841A5BF1BDC9B9CFEC2281 /* Frameworks */,
			);
			sourceTree = "<group>";
		};
		F7841C752197418B00BB86C7 /* Products */ = {
			isa = PBXGroup;
			children = (
				F7841C742197418B00BB86C7 /* WebViewInterop.app */,
			);
			name = Products;
			sourceTree = "<group>";
		};
		F7841C762197418B00BB86C7 /* WebViewInterop */ = {
			isa = PBXGroup;
			children = (
				F7841C772197418B00BB86C7 /* AppDelegate.swift */,
				F7841C792197418B00BB86C7 /* ViewController.swift */,
				F7841C7B2197418B00BB86C7 /* Main.storyboard */,
				F7841C7E2197418D00BB86C7 /* Assets.xcassets */,
				F7841C802197418D00BB86C7 /* LaunchScreen.storyboard */,
				F7841C832197418D00BB86C7 /* Info.plist */,
				88D00D76251B9E84006AC6C5 /* WebViewInterop-Bridging-Header.h */,
			);
			path = WebViewInterop;
			sourceTree = "<group>";
		};
/* End PBXGroup section */

/* Begin PBXNativeTarget section */
		F7841C732197418B00BB86C7 /* WebViewInterop */ = {
			isa = PBXNativeTarget;
			buildConfigurationList = F7841C862197418D00BB86C7 /* Build configuration list for PBXNativeTarget "WebViewInterop" */;
			buildPhases = (
				F526A8F169E188B2A22D3189 /* [CP] Check Pods Manifest.lock */,
				F7841C702197418B00BB86C7 /* Sources */,
				F7841C712197418B00BB86C7 /* Frameworks */,
				F7841C722197418B00BB86C7 /* Resources */,
				EFCEB470ECD4086E0541444D /* [CP] Copy Pods Resources */,
			);
			buildRules = (
			);
			dependencies = (
			);
			name = WebViewInterop;
			productName = WebViewInterop;
			productReference = F7841C742197418B00BB86C7 /* WebViewInterop.app */;
			productType = "com.apple.product-type.application";
		};
/* End PBXNativeTarget section */

/* Begin PBXProject section */
		F7841C6C2197418B00BB86C7 /* Project object */ = {
			isa = PBXProject;
			attributes = {
				LastSwiftUpdateCheck = 1010;
				LastUpgradeCheck = 1010;
				ORGANIZATIONNAME = "Mobile Toolworks";
				TargetAttributes = {
					F7841C732197418B00BB86C7 = {
						CreatedOnToolsVersion = 10.1;
						LastSwiftMigration = 1200;
					};
				};
			};
			buildConfigurationList = F7841C6F2197418B00BB86C7 /* Build configuration list for PBXProject "WebViewInterop" */;
			compatibilityVersion = "Xcode 9.3";
			developmentRegion = en;
			hasScannedForEncodings = 0;
			knownRegions = (
				en,
				Base,
			);
			mainGroup = F7841C6B2197418B00BB86C7;
			productRefGroup = F7841C752197418B00BB86C7 /* Products */;
			projectDirPath = "";
			projectRoot = "";
			targets = (
				F7841C732197418B00BB86C7 /* WebViewInterop */,
			);
		};
/* End PBXProject section */

/* Begin PBXResourcesBuildPhase section */
		F7841C722197418B00BB86C7 /* Resources */ = {
			isa = PBXResourcesBuildPhase;
			buildActionMask = 2147483647;
			files = (
				F7841C822197418D00BB86C7 /* LaunchScreen.storyboard in Resources */,
				F7841C7F2197418D00BB86C7 /* Assets.xcassets in Resources */,
				F7841C7D2197418B00BB86C7 /* Main.storyboard in Resources */,
			);
			runOnlyForDeploymentPostprocessing = 0;
		};
/* End PBXResourcesBuildPhase section */

/* Begin PBXShellScriptBuildPhase section */
		EFCEB470ECD4086E0541444D /* [CP] Copy Pods Resources */ = {
			isa = PBXShellScriptBuildPhase;
			buildActionMask = 2147483647;
			files = (
			);
			inputFileListPaths = (
				"${PODS_ROOT}/Target Support Files/Pods-WebViewInterop/Pods-WebViewInterop-resources-${CONFIGURATION}-input-files.xcfilelist",
			);
			name = "[CP] Copy Pods Resources";
			outputFileListPaths = (
				"${PODS_ROOT}/Target Support Files/Pods-WebViewInterop/Pods-WebViewInterop-resources-${CONFIGURATION}-output-files.xcfilelist",
			);
			runOnlyForDeploymentPostprocessing = 0;
			shellPath = /bin/sh;
			shellScript = "\"${PODS_ROOT}/Target Support Files/Pods-WebViewInterop/Pods-WebViewInterop-resources.sh\"\n";
			showEnvVarsInLog = 0;
		};
		F526A8F169E188B2A22D3189 /* [CP] Check Pods Manifest.lock */ = {
			isa = PBXShellScriptBuildPhase;
			buildActionMask = 2147483647;
			files = (
			);
			inputFileListPaths = (
			);
			inputPaths = (
				"${PODS_PODFILE_DIR_PATH}/Podfile.lock",
				"${PODS_ROOT}/Manifest.lock",
			);
			name = "[CP] Check Pods Manifest.lock";
			outputFileListPaths = (
			);
			outputPaths = (
				"$(DERIVED_FILE_DIR)/Pods-WebViewInterop-checkManifestLockResult.txt",
			);
			runOnlyForDeploymentPostprocessing = 0;
			shellPath = /bin/sh;
			shellScript = "diff \"${PODS_PODFILE_DIR_PATH}/Podfile.lock\" \"${PODS_ROOT}/Manifest.lock\" > /dev/null\nif [ $? != 0 ] ; then\n    # print error to STDERR\n    echo \"error: The sandbox is not in sync with the Podfile.lock. Run 'pod install' or update your CocoaPods installation.\" >&2\n    exit 1\nfi\n# This output is used by Xcode 'outputs' to avoid re-running this script phase.\necho \"SUCCESS\" > \"${SCRIPT_OUTPUT_FILE_0}\"\n";
			showEnvVarsInLog = 0;
		};
/* End PBXShellScriptBuildPhase section */

/* Begin PBXSourcesBuildPhase section */
		F7841C702197418B00BB86C7 /* Sources */ = {
			isa = PBXSourcesBuildPhase;
			buildActionMask = 2147483647;
			files = (
				F7841C7A2197418B00BB86C7 /* ViewController.swift in Sources */,
				F7841C782197418B00BB86C7 /* AppDelegate.swift in Sources */,
			);
			runOnlyForDeploymentPostprocessing = 0;
		};
/* End PBXSourcesBuildPhase section */

/* Begin PBXVariantGroup section */
		F7841C7B2197418B00BB86C7 /* Main.storyboard */ = {
			isa = PBXVariantGroup;
			children = (
				F7841C7C2197418B00BB86C7 /* Base */,
			);
			name = Main.storyboard;
			sourceTree = "<group>";
		};
		F7841C802197418D00BB86C7 /* LaunchScreen.storyboard */ = {
			isa = PBXVariantGroup;
			children = (
				F7841C812197418D00BB86C7 /* Base */,
			);
			name = LaunchScreen.storyboard;
			sourceTree = "<group>";
		};
/* End PBXVariantGroup section */

/* Begin XCBuildConfiguration section */
		F7841C842197418D00BB86C7 /* Debug */ = {
			isa = XCBuildConfiguration;
			buildSettings = {
				ALWAYS_SEARCH_USER_PATHS = NO;
				CLANG_ANALYZER_NONNULL = YES;
				CLANG_ANALYZER_NUMBER_OBJECT_CONVERSION = YES_AGGRESSIVE;
				CLANG_CXX_LANGUAGE_STANDARD = "gnu++14";
				CLANG_CXX_LIBRARY = "libc++";
				CLANG_ENABLE_MODULES = YES;
				CLANG_ENABLE_OBJC_ARC = YES;
				CLANG_ENABLE_OBJC_WEAK = YES;
				CLANG_WARN_BLOCK_CAPTURE_AUTORELEASING = YES;
				CLANG_WARN_BOOL_CONVERSION = YES;
				CLANG_WARN_COMMA = YES;
				CLANG_WARN_CONSTANT_CONVERSION = YES;
				CLANG_WARN_DEPRECATED_OBJC_IMPLEMENTATIONS = YES;
				CLANG_WARN_DIRECT_OBJC_ISA_USAGE = YES_ERROR;
				CLANG_WARN_DOCUMENTATION_COMMENTS = YES;
				CLANG_WARN_EMPTY_BODY = YES;
				CLANG_WARN_ENUM_CONVERSION = YES;
				CLANG_WARN_INFINITE_RECURSION = YES;
				CLANG_WARN_INT_CONVERSION = YES;
				CLANG_WARN_NON_LITERAL_NULL_CONVERSION = YES;
				CLANG_WARN_OBJC_IMPLICIT_RETAIN_SELF = YES;
				CLANG_WARN_OBJC_LITERAL_CONVERSION = YES;
				CLANG_WARN_OBJC_ROOT_CLASS = YES_ERROR;
				CLANG_WARN_RANGE_LOOP_ANALYSIS = YES;
				CLANG_WARN_STRICT_PROTOTYPES = YES;
				CLANG_WARN_SUSPICIOUS_MOVE = YES;
				CLANG_WARN_UNGUARDED_AVAILABILITY = YES_AGGRESSIVE;
				CLANG_WARN_UNREACHABLE_CODE = YES;
				CLANG_WARN__DUPLICATE_METHOD_MATCH = YES;
				CODE_SIGN_IDENTITY = "iPhone Developer";
				COPY_PHASE_STRIP = NO;
				DEBUG_INFORMATION_FORMAT = dwarf;
				ENABLE_STRICT_OBJC_MSGSEND = YES;
				ENABLE_TESTABILITY = YES;
				GCC_C_LANGUAGE_STANDARD = gnu11;
				GCC_DYNAMIC_NO_PIC = NO;
				GCC_NO_COMMON_BLOCKS = YES;
				GCC_OPTIMIZATION_LEVEL = 0;
				GCC_PREPROCESSOR_DEFINITIONS = (
					"DEBUG=1",
					"$(inherited)",
				);
				GCC_WARN_64_TO_32_BIT_CONVERSION = YES;
				GCC_WARN_ABOUT_RETURN_TYPE = YES_ERROR;
				GCC_WARN_UNDECLARED_SELECTOR = YES;
				GCC_WARN_UNINITIALIZED_AUTOS = YES_AGGRESSIVE;
				GCC_WARN_UNUSED_FUNCTION = YES;
				GCC_WARN_UNUSED_VARIABLE = YES;
				IPHONEOS_DEPLOYMENT_TARGET = 12.1;
				MTL_ENABLE_DEBUG_INFO = INCLUDE_SOURCE;
				MTL_FAST_MATH = YES;
				ONLY_ACTIVE_ARCH = YES;
				SDKROOT = iphoneos;
				SWIFT_ACTIVE_COMPILATION_CONDITIONS = DEBUG;
				SWIFT_OPTIMIZATION_LEVEL = "-Onone";
			};
			name = Debug;
		};
		F7841C852197418D00BB86C7 /* Release */ = {
			isa = XCBuildConfiguration;
			buildSettings = {
				ALWAYS_SEARCH_USER_PATHS = NO;
				CLANG_ANALYZER_NONNULL = YES;
				CLANG_ANALYZER_NUMBER_OBJECT_CONVERSION = YES_AGGRESSIVE;
				CLANG_CXX_LANGUAGE_STANDARD = "gnu++14";
				CLANG_CXX_LIBRARY = "libc++";
				CLANG_ENABLE_MODULES = YES;
				CLANG_ENABLE_OBJC_ARC = YES;
				CLANG_ENABLE_OBJC_WEAK = YES;
				CLANG_WARN_BLOCK_CAPTURE_AUTORELEASING = YES;
				CLANG_WARN_BOOL_CONVERSION = YES;
				CLANG_WARN_COMMA = YES;
				CLANG_WARN_CONSTANT_CONVERSION = YES;
				CLANG_WARN_DEPRECATED_OBJC_IMPLEMENTATIONS = YES;
				CLANG_WARN_DIRECT_OBJC_ISA_USAGE = YES_ERROR;
				CLANG_WARN_DOCUMENTATION_COMMENTS = YES;
				CLANG_WARN_EMPTY_BODY = YES;
				CLANG_WARN_ENUM_CONVERSION = YES;
				CLANG_WARN_INFINITE_RECURSION = YES;
				CLANG_WARN_INT_CONVERSION = YES;
				CLANG_WARN_NON_LITERAL_NULL_CONVERSION = YES;
				CLANG_WARN_OBJC_IMPLICIT_RETAIN_SELF = YES;
				CLANG_WARN_OBJC_LITERAL_CONVERSION = YES;
				CLANG_WARN_OBJC_ROOT_CLASS = YES_ERROR;
				CLANG_WARN_RANGE_LOOP_ANALYSIS = YES;
				CLANG_WARN_STRICT_PROTOTYPES = YES;
				CLANG_WARN_SUSPICIOUS_MOVE = YES;
				CLANG_WARN_UNGUARDED_AVAILABILITY = YES_AGGRESSIVE;
				CLANG_WARN_UNREACHABLE_CODE = YES;
				CLANG_WARN__DUPLICATE_METHOD_MATCH = YES;
				CODE_SIGN_IDENTITY = "iPhone Developer";
				COPY_PHASE_STRIP = NO;
				DEBUG_INFORMATION_FORMAT = "dwarf-with-dsym";
				ENABLE_NS_ASSERTIONS = NO;
				ENABLE_STRICT_OBJC_MSGSEND = YES;
				GCC_C_LANGUAGE_STANDARD = gnu11;
				GCC_NO_COMMON_BLOCKS = YES;
				GCC_WARN_64_TO_32_BIT_CONVERSION = YES;
				GCC_WARN_ABOUT_RETURN_TYPE = YES_ERROR;
				GCC_WARN_UNDECLARED_SELECTOR = YES;
				GCC_WARN_UNINITIALIZED_AUTOS = YES_AGGRESSIVE;
				GCC_WARN_UNUSED_FUNCTION = YES;
				GCC_WARN_UNUSED_VARIABLE = YES;
				IPHONEOS_DEPLOYMENT_TARGET = 12.1;
				MTL_ENABLE_DEBUG_INFO = NO;
				MTL_FAST_MATH = YES;
				SDKROOT = iphoneos;
				SWIFT_COMPILATION_MODE = wholemodule;
				SWIFT_OPTIMIZATION_LEVEL = "-O";
				VALIDATE_PRODUCT = YES;
			};
			name = Release;
		};
		F7841C872197418D00BB86C7 /* Debug */ = {
			isa = XCBuildConfiguration;
			baseConfigurationReference = B03768D54BF9F395EF907F78 /* Pods-WebViewInterop.debug.xcconfig */;
			buildSettings = {
				ASSETCATALOG_COMPILER_APPICON_NAME = AppIcon;
				CLANG_ENABLE_MODULES = YES;
				CODE_SIGN_STYLE = Automatic;
				DEVELOPMENT_TEAM = 76B63WQ34A;
				ENABLE_BITCODE = NO;
				INFOPLIST_FILE = WebViewInterop/Info.plist;
				LD_RUNPATH_SEARCH_PATHS = (
					"$(inherited)",
					"@executable_path/Frameworks",
				);
				PRODUCT_BUNDLE_IDENTIFIER = "run.yet.f7-ios2";
				PRODUCT_NAME = "$(TARGET_NAME)";
				SWIFT_OBJC_BRIDGING_HEADER = "WebViewInterop/WebViewInterop-Bridging-Header.h";
				SWIFT_OPTIMIZATION_LEVEL = "-Onone";
				SWIFT_VERSION = 4.2;
				TARGETED_DEVICE_FAMILY = "1,2";
			};
			name = Debug;
		};
		F7841C882197418D00BB86C7 /* Release */ = {
			isa = XCBuildConfiguration;
			baseConfigurationReference = 71B1221B73321AC13E677FF4 /* Pods-WebViewInterop.release.xcconfig */;
			buildSettings = {
				ASSETCATALOG_COMPILER_APPICON_NAME = AppIcon;
				CLANG_ENABLE_MODULES = YES;
				CODE_SIGN_STYLE = Automatic;
				DEVELOPMENT_TEAM = 76B63WQ34A;
				ENABLE_BITCODE = NO;
				INFOPLIST_FILE = WebViewInterop/Info.plist;
				LD_RUNPATH_SEARCH_PATHS = (
					"$(inherited)",
					"@executable_path/Frameworks",
				);
				PRODUCT_BUNDLE_IDENTIFIER = "run.yet.f7-ios2";
				PRODUCT_NAME = "$(TARGET_NAME)";
				SWIFT_OBJC_BRIDGING_HEADER = "WebViewInterop/WebViewInterop-Bridging-Header.h";
				SWIFT_VERSION = 4.2;
				TARGETED_DEVICE_FAMILY = "1,2";
			};
			name = Release;
		};
/* End XCBuildConfiguration section */

/* Begin XCConfigurationList section */
		F7841C6F2197418B00BB86C7 /* Build configuration list for PBXProject "WebViewInterop" */ = {
			isa = XCConfigurationList;
			buildConfigurations = (
				F7841C842197418D00BB86C7 /* Debug */,
				F7841C852197418D00BB86C7 /* Release */,
			);
			defaultConfigurationIsVisible = 0;
			defaultConfigurationName = Release;
		};
		F7841C862197418D00BB86C7 /* Build configuration list for PBXNativeTarget "WebViewInterop" */ = {
			isa = XCConfigurationList;
			buildConfigurations = (
				F7841C872197418D00BB86C7 /* Debug */,
				F7841C882197418D00BB86C7 /* Release */,
			);
			defaultConfigurationIsVisible = 0;
			defaultConfigurationName = Release;
		};
/* End XCConfigurationList section */
	};
	rootObject = F7841C6C2197418B00BB86C7 /* Project object */;
}
