{
  "name": "flaribbit",
  "version": "1.0.0",
  "lockfileVersion": 1,
  "requires": true,
  "dependencies": {
    "asynckit": {
      "version": "0.4.0",
      "resolved": "https://registry.npm.taobao.org/asynckit/download/asynckit-0.4.0.tgz",
      "integrity": "sha1-x57Zf380y48robyXkLzDZkdLS3k="
    },
    "combined-stream": {
      "version": "1.0.8",
      "resolved": "https://registry.npm.taobao.org/combined-stream/download/combined-stream-1.0.8.tgz",
      "integrity": "sha1-w9RaizT9cwYxoRCoolIGgrMdWn8=",
      "requires": {
        "delayed-stream": "~1.0.0"
      }
    },
    "component-emitter": {
      "version": "1.3.0",
      "resolved": "https://registry.npm.taobao.org/component-emitter/download/component-emitter-1.3.0.tgz",
      "integrity": "sha1-FuQHD7qK4ptnnyIVhT7hgasuq8A="
    },
    "cookiejar": {
      "version": "2.1.2",
      "resolved": "https://registry.npm.taobao.org/cookiejar/download/cookiejar-2.1.2.tgz",
      "integrity": "sha1-3YojVTB1L5iPmghE8/xYnjERElw="
    },
    "core-util-is": {
      "version": "1.0.2",
      "resolved": "https://registry.npm.taobao.org/core-util-is/download/core-util-is-1.0.2.tgz",
      "integrity": "sha1-tf1UIgqivFq1eqtxQMlAdUUDwac="
    },
    "debug": {
      "version": "3.2.6",
      "resolved": "https://registry.npm.taobao.org/debug/download/debug-3.2.6.tgz?cache=0&sync_timestamp=1600502873540&other_urls=https%3A%2F%2Fregistry.npm.taobao.org%2Fdebug%2Fdownload%2Fdebug-3.2.6.tgz",
      "integrity": "sha1-6D0X3hbYp++3cX7b5fsQE17uYps=",
      "requires": {
        "ms": "^2.1.1"
      }
    },
    "delayed-stream": {
      "version": "1.0.0",
      "resolved": "https://registry.npm.taobao.org/delayed-stream/download/delayed-stream-1.0.0.tgz",
      "integrity": "sha1-3zrhmayt+31ECqrgsp4icrJOxhk="
    },
    "extend": {
      "version": "3.0.2",
      "resolved": "https://registry.npm.taobao.org/extend/download/extend-3.0.2.tgz",
      "integrity": "sha1-+LETa0Bx+9jrFAr/hYsQGewpFfo="
    },
    "form-data": {
      "version": "2.5.1",
      "resolved": "https://registry.npm.taobao.org/form-data/download/form-data-2.5.1.tgz",
      "integrity": "sha1-8svsV7XlniNxbhKP5E1OXdI4lfQ=",
      "requires": {
        "asynckit": "^0.4.0",
        "combined-stream": "^1.0.6",
        "mime-types": "^2.1.12"
      }
    },
    "formidable": {
      "version": "1.2.2",
      "resolved": "https://registry.npm.taobao.org/formidable/download/formidable-1.2.2.tgz",
      "integrity": "sha1-v2muopcpgmdfAIZTQrmCmG9rjdk="
    },
    "inherits": {
      "version": "2.0.4",
      "resolved": "https://registry.npm.taobao.org/inherits/download/inherits-2.0.4.tgz",
      "integrity": "sha1-D6LGT5MpF8NDOg3tVTY6rjdBa3w="
    },
    "isarray": {
      "version": "1.0.0",
      "resolved": "https://registry.npm.taobao.org/isarray/download/isarray-1.0.0.tgz",
      "integrity": "sha1-u5NdSFgsuhaMBoNJV6VKPgcSTxE="
    },
    "methods": {
      "version": "1.1.2",
      "resolved": "https://registry.npm.taobao.org/methods/download/methods-1.1.2.tgz",
      "integrity": "sha1-VSmk1nZUE07cxSZmVoNbD4Ua/O4="
    },
    "mime": {
      "version": "1.6.0",
      "resolved": "https://registry.npm.taobao.org/mime/download/mime-1.6.0.tgz?cache=0&sync_timestamp=1590596728112&other_urls=https%3A%2F%2Fregistry.npm.taobao.org%2Fmime%2Fdownload%2Fmime-1.6.0.tgz",
      "integrity": "sha1-Ms2eXGRVO9WNGaVor0Uqz/BJgbE="
    },
    "mime-db": {
      "version": "1.44.0",
      "resolved": "https://registry.npm.taobao.org/mime-db/download/mime-db-1.44.0.tgz?cache=0&sync_timestamp=1600831212519&other_urls=https%3A%2F%2Fregistry.npm.taobao.org%2Fmime-db%2Fdownload%2Fmime-db-1.44.0.tgz",
      "integrity": "sha1-+hHF6wrKEzS0Izy01S8QxaYnL5I="
    },
    "mime-types": {
      "version": "2.1.27",
      "resolved": "https://registry.npm.taobao.org/mime-types/download/mime-types-2.1.27.tgz",
      "integrity": "sha1-R5SfmOJ56lMRn1ci4PNOUpvsAJ8=",
      "requires": {
        "mime-db": "1.44.0"
      }
    },
    "ms": {
      "version": "2.1.2",
      "resolved": "https://registry.npm.taobao.org/ms/download/ms-2.1.2.tgz",
      "integrity": "sha1-0J0fNXtEP0kzgqjrPM0YOHKuYAk="
    },
    "process-nextick-args": {
      "version": "2.0.1",
      "resolved": "https://registry.npm.taobao.org/process-nextick-args/download/process-nextick-args-2.0.1.tgz",
      "integrity": "sha1-eCDZsWEgzFXKmud5JoCufbptf+I="
    },
    "qs": {
      "version": "6.9.4",
      "resolved": "https://registry.npm.taobao.org/qs/download/qs-6.9.4.tgz",
      "integrity": "sha1-kJCykNH5FyjTwi5UhDykSupatoc="
    },
    "readable-stream": {
      "version": "2.3.7",
      "resolved": "https://registry.npm.taobao.org/readable-stream/download/readable-stream-2.3.7.tgz",
      "integrity": "sha1-Hsoc9xGu+BTAT2IlKjamL2yyO1c=",
      "requires": {
        "core-util-is": "~1.0.0",
        "inherits": "~2.0.3",
        "isarray": "~1.0.0",
        "process-nextick-args": "~2.0.0",
        "safe-buffer": "~5.1.1",
        "string_decoder": "~1.1.1",
        "util-deprecate": "~1.0.1"
      }
    },
    "rongcloud-sdk": {
      "version": "3.1.1",
      "resolved": "https://registry.npm.taobao.org/rongcloud-sdk/download/rongcloud-sdk-3.1.1.tgz",
      "integrity": "sha1-XibrSfb/2GvcQO3uPxo69/MVeIU=",
      "requires": {
        "superagent": "^3.8.1",
        "underscore": "^1.8.3"
      }
    },
    "safe-buffer": {
      "version": "5.1.2",
      "resolved": "https://registry.npm.taobao.org/safe-buffer/download/safe-buffer-5.1.2.tgz",
      "integrity": "sha1-mR7GnSluAxN0fVm9/St0XDX4go0="
    },
    "string_decoder": {
      "version": "1.1.1",
      "resolved": "https://registry.npm.taobao.org/string_decoder/download/string_decoder-1.1.1.tgz",
      "integrity": "sha1-nPFhG6YmhdcDCunkujQUnDrwP8g=",
      "requires": {
        "safe-buffer": "~5.1.0"
      }
    },
    "superagent": {
      "version": "3.8.3",
      "resolved": "https://registry.npm.taobao.org/superagent/download/superagent-3.8.3.tgz?cache=0&sync_timestamp=1598816966736&other_urls=https%3A%2F%2Fregistry.npm.taobao.org%2Fsuperagent%2Fdownload%2Fsuperagent-3.8.3.tgz",
      "integrity": "sha1-Rg6g29t9WxG8T3jeulZfhqF44Sg=",
      "requires": {
        "component-emitter": "^1.2.0",
        "cookiejar": "^2.1.0",
        "debug": "^3.1.0",
        "extend": "^3.0.0",
        "form-data": "^2.3.1",
        "formidable": "^1.2.0",
        "methods": "^1.1.1",
        "mime": "^1.4.1",
        "qs": "^6.5.1",
        "readable-stream": "^2.3.5"
      }
    },
    "underscore": {
      "version": "1.11.0",
      "resolved": "https://registry.npm.taobao.org/underscore/download/underscore-1.11.0.tgz",
      "integrity": "sha1-3XwjoZXbNCZxhgRGSYcP8bq1kp4="
    },
    "util-deprecate": {
      "version": "1.0.2",
      "resolved": "https://registry.npm.taobao.org/util-deprecate/download/util-deprecate-1.0.2.tgz",
      "integrity": "sha1-RQ1Nyfpw3nMnYvvS1KKJgUGaDM8="
    }
  }
}
